
Microsoft Visual Studio Solution File, Format Version 12.00
Project("{FAE04EC0-301F-11D3-BF4B-00C04F79EFBC}") = "Materias", "Materias\Materias.csproj", "{8D36037A-15A2-4943-8B43-4762A8DB4163}"
EndProject
Global
	GlobalSection(SolutionConfigurationPlatforms) = preSolution
		Debug|Any CPU = Debug|Any CPU
		Release|Any CPU = Release|Any CPU
	EndGlobalSection
	GlobalSection(ProjectConfigurationPlatforms) = postSolution
		{8D36037A-15A2-4943-8B43-4762A8DB4163}.Debug|Any CPU.ActiveCfg = Debug|Any CPU
		{8D36037A-15A2-4943-8B43-4762A8DB4163}.Debug|Any CPU.Build.0 = Debug|Any CPU
		{8D36037A-15A2-4943-8B43-4762A8DB4163}.Release|Any CPU.ActiveCfg = Release|Any CPU
		{8D36037A-15A2-4943-8B43-4762A8DB4163}.Release|Any CPU.Build.0 = Release|Any CPU
	EndGlobalSection
EndGlobal
